
Microsoft Visual Studio Solution File, Format Version 12.00
# Visual Studio Version 17
VisualStudioVersion = 17.10.34928.147
MinimumVisualStudioVersion = 10.0.40219.1
Project("{FAE04EC0-301F-11D3-BF4B-00C04F79EFBC}") = "RentManagement", "RentManagement.csproj", "{0A40D8B6-7C83-414C-A1AE-11C4E9D32A8F}"
EndProject
Global
	GlobalSection(SolutionConfigurationPlatforms) = preSolution
		Debug|Any CPU = Debug|Any CPU
		Release|Any CPU = Release|Any CPU
	EndGlobalSection
	GlobalSection(ProjectConfigurationPlatforms) = postSolution
		{0A40D8B6-7C83-414C-A1AE-11C4E9D32A8F}.Debug|Any CPU.ActiveCfg = Debug|Any CPU
		{0A40D8B6-7C83-414C-A1AE-11C4E9D32A8F}.Debug|Any CPU.Build.0 = Debug|Any CPU
		{0A40D8B6-7C83-414C-A1AE-11C4E9D32A8F}.Release|Any CPU.ActiveCfg = Release|Any CPU
		{0A40D8B6-7C83-414C-A1AE-11C4E9D32A8F}.Release|Any CPU.Build.0 = Release|Any CPU
	EndGlobalSection
	GlobalSection(SolutionProperties) = preSolution
		HideSolutionNode = FALSE
	EndGlobalSection
	GlobalSection(ExtensibilityGlobals) = postSolution
		SolutionGuid = {320FACDF-B1C0-4375-A90B-00D853C5BCB3}
	EndGlobalSection
EndGlobal
